
Microsoft Visual Studio Solution File, Format Version 12.00
# Visual Studio Version 17
VisualStudioVersion = 17.3.32929.385
MinimumVisualStudioVersion = 10.0.40219.1
Project("{FAE04EC0-301F-11D3-BF4B-00C04F79EFBC}") = "AspNetCorePwa", "AspNetCorePwa\AspNetCorePwa.csproj", "{96EB90AA-721B-4F04-9E5C-90B28B5B96CB}"
EndProject
Global
	GlobalSection(SolutionConfigurationPlatforms) = preSolution
		Debug|Any CPU = Debug|Any CPU
		Release|Any CPU = Release|Any CPU
	EndGlobalSection
	GlobalSection(ProjectConfigurationPlatforms) = postSolution
		{96EB90AA-721B-4F04-9E5C-90B28B5B96CB}.Debug|Any CPU.ActiveCfg = Debug|Any CPU
		{96EB90AA-721B-4F04-9E5C-90B28B5B96CB}.Debug|Any CPU.Build.0 = Debug|Any CPU
		{96EB90AA-721B-4F04-9E5C-90B28B5B96CB}.Release|Any CPU.ActiveCfg = Release|Any CPU
		{96EB90AA-721B-4F04-9E5C-90B28B5B96CB}.Release|Any CPU.Build.0 = Release|Any CPU
	EndGlobalSection
	GlobalSection(SolutionProperties) = preSolution
		HideSolutionNode = FALSE
	EndGlobalSection
	GlobalSection(ExtensibilityGlobals) = postSolution
		SolutionGuid = {ED5EC5B4-5062-442E-A845-5B332F41CD6D}
	EndGlobalSection
EndGlobal
